// !$*UTF8*$!
{
	archiveVersion = 1;
	classes = {
	};
	objectVersion = 56;
	objects = {

/* Begin PBXBuildFile section */
		4B18F08D2B28DE0F006FE956 /* ErrorView.swift in Sources */ = {isa = PBXBuildFile; fileRef = 4B18F08C2B28DE0F006FE956 /* ErrorView.swift */; };
		4B18F08F2B28EF7A006FE956 /* MeetingTimerView.swift in Sources */ = {isa = PBXBuildFile; fileRef = 4B18F08E2B28EF7A006FE956 /* MeetingTimerView.swift */; };
		4B18F0982B28FA2A006FE956 /* SpeakerArc.swift in Sources */ = {isa = PBXBuildFile; fileRef = 4B18F0972B28FA2A006FE956 /* SpeakerArc.swift */; };
		4B1C97BF2B25F4E9002CE8FC /* MeetingFooterView.swift in Sources */ = {isa = PBXBuildFile; fileRef = 4B1C97BE2B25F4E9002CE8FC /* MeetingFooterView.swift */; };
		4B7A37252B20FD9C00EBEE63 /* ThemePicker.swift in Sources */ = {isa = PBXBuildFile; fileRef = 4B7A37242B20FD9C00EBEE63 /* ThemePicker.swift */; };
		4B7A37282B22464800EBEE63 /* AVPlayer+Ding.swift in Sources */ = {isa = PBXBuildFile; fileRef = 4B7A37272B22464800EBEE63 /* AVPlayer+Ding.swift */; };
		4B7A372A2B233D6D00EBEE63 /* MeetingHeaderView.swift in Sources */ = {isa = PBXBuildFile; fileRef = 4B7A37292B233D6D00EBEE63 /* MeetingHeaderView.swift */; };
		4B7A372C2B2345B200EBEE63 /* ScrumProgressViewStyle.swift in Sources */ = {isa = PBXBuildFile; fileRef = 4B7A372B2B2345B200EBEE63 /* ScrumProgressViewStyle.swift */; };
		4B7A372E2B2349BF00EBEE63 /* ScrumTimer.swift in Sources */ = {isa = PBXBuildFile; fileRef = 4B7A372D2B2349BF00EBEE63 /* ScrumTimer.swift */; };
		4B882D762B20CB79005356A3 /* ThemeView.swift in Sources */ = {isa = PBXBuildFile; fileRef = 4B882D752B20CB79005356A3 /* ThemeView.swift */; };
		4B9E77932B2A3EAC0074BF50 /* SpeechRecognizer.swift in Sources */ = {isa = PBXBuildFile; fileRef = 4B9E77922B2A3EAC0074BF50 /* SpeechRecognizer.swift */; };
		4BA433E22B1BB4CF003E2E9C /* ScrumdingerApp.swift in Sources */ = {isa = PBXBuildFile; fileRef = 4BA433E12B1BB4CF003E2E9C /* ScrumdingerApp.swift */; };
		4BA433E42B1BB4CF003E2E9C /* MeetingView.swift in Sources */ = {isa = PBXBuildFile; fileRef = 4BA433E32B1BB4CF003E2E9C /* MeetingView.swift */; };
		4BA433E62B1BB4D2003E2E9C /* Assets.xcassets in Resources */ = {isa = PBXBuildFile; fileRef = 4BA433E52B1BB4D2003E2E9C /* Assets.xcassets */; };
		4BA433E92B1BB4D2003E2E9C /* Preview Assets.xcassets in Resources */ = {isa = PBXBuildFile; fileRef = 4BA433E82B1BB4D2003E2E9C /* Preview Assets.xcassets */; };
		4BA433F32B1BB4D3003E2E9C /* ScrumdingerTests.swift in Sources */ = {isa = PBXBuildFile; fileRef = 4BA433F22B1BB4D3003E2E9C /* ScrumdingerTests.swift */; };
		4BA433FD2B1BB4D3003E2E9C /* ScrumdingerUITests.swift in Sources */ = {isa = PBXBuildFile; fileRef = 4BA433FC2B1BB4D3003E2E9C /* ScrumdingerUITests.swift */; };
		4BA433FF2B1BB4D3003E2E9C /* ScrumdingerUITestsLaunchTests.swift in Sources */ = {isa = PBXBuildFile; fileRef = 4BA433FE2B1BB4D3003E2E9C /* ScrumdingerUITestsLaunchTests.swift */; };
		4BBCB25F2B1BC88D001E2576 /* Theme.swift in Sources */ = {isa = PBXBuildFile; fileRef = 4BBCB25E2B1BC88D001E2576 /* Theme.swift */; };
		4BBCB2612B1C8A9F001E2576 /* DailyScrum.swift in Sources */ = {isa = PBXBuildFile; fileRef = 4BBCB2602B1C8A9F001E2576 /* DailyScrum.swift */; };
		4BBCB2632B1C9A60001E2576 /* CardView.swift in Sources */ = {isa = PBXBuildFile; fileRef = 4BBCB2622B1C9A60001E2576 /* CardView.swift */; };
		4BBD32E62B27B2CB003E80DE /* ding.wav in Resources */ = {isa = PBXBuildFile; fileRef = 4BBD32E52B27B2CB003E80DE /* ding.wav */; };
		4BBD32E82B27BA48003E80DE /* NewScrumSheet.swift in Sources */ = {isa = PBXBuildFile; fileRef = 4BBD32E72B27BA48003E80DE /* NewScrumSheet.swift */; };
		4BBD32EA2B27BD59003E80DE /* EditScrumSheet.swift in Sources */ = {isa = PBXBuildFile; fileRef = 4BBD32E92B27BD59003E80DE /* EditScrumSheet.swift */; };
		4BBD32EC2B27CEA7003E80DE /* History.swift in Sources */ = {isa = PBXBuildFile; fileRef = 4BBD32EB2B27CEA7003E80DE /* History.swift */; };
		4BBD32EE2B27DDDF003E80DE /* ScrumStore.swift in Sources */ = {isa = PBXBuildFile; fileRef = 4BBD32ED2B27DDDF003E80DE /* ScrumStore.swift */; };
		4BBD32F02B27F40D003E80DE /* handling-errors.swift in Sources */ = {isa = PBXBuildFile; fileRef = 4BBD32EF2B27F40D003E80DE /* handling-errors.swift */; };
		4BC5F8922B1F35D900317BF2 /* ScrumDetailEditView.swift in Sources */ = {isa = PBXBuildFile; fileRef = 4BC5F8912B1F35D900317BF2 /* ScrumDetailEditView.swift */; };
		4BD2E7FB2B1E107200BC8D30 /* TrailingIconLabelStyle.swift in Sources */ = {isa = PBXBuildFile; fileRef = 4BD2E7FA2B1E107200BC8D30 /* TrailingIconLabelStyle.swift */; };
		4BD2E7FD2B1E168900BC8D30 /* ScrumsView.swift in Sources */ = {isa = PBXBuildFile; fileRef = 4BD2E7FC2B1E168900BC8D30 /* ScrumsView.swift */; };
		4BD2E8002B1E289F00BC8D30 /* DetailView.swift in Sources */ = {isa = PBXBuildFile; fileRef = 4BD2E7FF2B1E289F00BC8D30 /* DetailView.swift */; };
/* End PBXBuildFile section */

/* Begin PBXContainerItemProxy section */
		4BA433EF2B1BB4D3003E2E9C /* PBXContainerItemProxy */ = {
			isa = PBXContainerItemProxy;
			containerPortal = 4BA433D62B1BB4CF003E2E9C /* Project object */;
			proxyType = 1;
			remoteGlobalIDString = 4BA433DD2B1BB4CF003E2E9C;
			remoteInfo = Scrumdinger;
		};
		4BA433F92B1BB4D3003E2E9C /* PBXContainerItemProxy */ = {
			isa = PBXContainerItemProxy;
			containerPortal = 4BA433D62B1BB4CF003E2E9C /* Project object */;
			proxyType = 1;
			remoteGlobalIDString = 4BA433DD2B1BB4CF003E2E9C;
			remoteInfo = Scrumdinger;
		};
/* End PBXContainerItemProxy section */

/* Begin PBXFileReference section */
		4B18F08C2B28DE0F006FE956 /* ErrorView.swift */ = {isa = PBXFileReference; lastKnownFileType = sourcecode.swift; path = ErrorView.swift; sourceTree = "<group>"; };
		4B18F08E2B28EF7A006FE956 /* MeetingTimerView.swift */ = {isa = PBXFileReference; lastKnownFileType = sourcecode.swift; path = MeetingTimerView.swift; sourceTree = "<group>"; };
		4B18F0972B28FA2A006FE956 /* SpeakerArc.swift */ = {isa = PBXFileReference; lastKnownFileType = sourcecode.swift; path = SpeakerArc.swift; sourceTree = "<group>"; };
		4B1C97BE2B25F4E9002CE8FC /* MeetingFooterView.swift */ = {isa = PBXFileReference; lastKnownFileType = sourcecode.swift; path = MeetingFooterView.swift; sourceTree = "<group>"; };
		4B7A37242B20FD9C00EBEE63 /* ThemePicker.swift */ = {isa = PBXFileReference; lastKnownFileType = sourcecode.swift; path = ThemePicker.swift; sourceTree = "<group>"; };
		4B7A37272B22464800EBEE63 /* AVPlayer+Ding.swift */ = {isa = PBXFileReference; lastKnownFileType = sourcecode.swift; path = "AVPlayer+Ding.swift"; sourceTree = "<group>"; };
		4B7A37292B233D6D00EBEE63 /* MeetingHeaderView.swift */ = {isa = PBXFileReference; lastKnownFileType = sourcecode.swift; path = MeetingHeaderView.swift; sourceTree = "<group>"; };
		4B7A372B2B2345B200EBEE63 /* ScrumProgressViewStyle.swift */ = {isa = PBXFileReference; lastKnownFileType = sourcecode.swift; path = ScrumProgressViewStyle.swift; sourceTree = "<group>"; };
		4B7A372D2B2349BF00EBEE63 /* ScrumTimer.swift */ = {isa = PBXFileReference; lastKnownFileType = sourcecode.swift; path = ScrumTimer.swift; sourceTree = "<group>"; };
		4B882D752B20CB79005356A3 /* ThemeView.swift */ = {isa = PBXFileReference; lastKnownFileType = sourcecode.swift; path = ThemeView.swift; sourceTree = "<group>"; };
		4B9E77922B2A3EAC0074BF50 /* SpeechRecognizer.swift */ = {isa = PBXFileReference; lastKnownFileType = sourcecode.swift; path = SpeechRecognizer.swift; sourceTree = "<group>"; };
		4BA433DE2B1BB4CF003E2E9C /* Scrumdinger.app */ = {isa = PBXFileReference; explicitFileType = wrapper.application; includeInIndex = 0; path = Scrumdinger.app; sourceTree = BUILT_PRODUCTS_DIR; };
		4BA433E12B1BB4CF003E2E9C /* ScrumdingerApp.swift */ = {isa = PBXFileReference; lastKnownFileType = sourcecode.swift; path = ScrumdingerApp.swift; sourceTree = "<group>"; };
		4BA433E32B1BB4CF003E2E9C /* MeetingView.swift */ = {isa = PBXFileReference; lastKnownFileType = sourcecode.swift; path = MeetingView.swift; sourceTree = "<group>"; };
		4BA433E52B1BB4D2003E2E9C /* Assets.xcassets */ = {isa = PBXFileReference; lastKnownFileType = folder.assetcatalog; path = Assets.xcassets; sourceTree = "<group>"; };
		4BA433E82B1BB4D2003E2E9C /* Preview Assets.xcassets */ = {isa = PBXFileReference; lastKnownFileType = folder.assetcatalog; path = "Preview Assets.xcassets"; sourceTree = "<group>"; };
		4BA433EE2B1BB4D3003E2E9C /* ScrumdingerTests.xctest */ = {isa = PBXFileReference; explicitFileType = wrapper.cfbundle; includeInIndex = 0; path = ScrumdingerTests.xctest; sourceTree = BUILT_PRODUCTS_DIR; };
		4BA433F22B1BB4D3003E2E9C /* ScrumdingerTests.swift */ = {isa = PBXFileReference; lastKnownFileType = sourcecode.swift; path = ScrumdingerTests.swift; sourceTree = "<group>"; };
		4BA433F82B1BB4D3003E2E9C /* ScrumdingerUITests.xctest */ = {isa = PBXFileReference; explicitFileType = wrapper.cfbundle; includeInIndex = 0; path = ScrumdingerUITests.xctest; sourceTree = BUILT_PRODUCTS_DIR; };
		4BA433FC2B1BB4D3003E2E9C /* ScrumdingerUITests.swift */ = {isa = PBXFileReference; lastKnownFileType = sourcecode.swift; path = ScrumdingerUITests.swift; sourceTree = "<group>"; };
		4BA433FE2B1BB4D3003E2E9C /* ScrumdingerUITestsLaunchTests.swift */ = {isa = PBXFileReference; lastKnownFileType = sourcecode.swift; path = ScrumdingerUITestsLaunchTests.swift; sourceTree = "<group>"; };
		4BBCB25E2B1BC88D001E2576 /* Theme.swift */ = {isa = PBXFileReference; lastKnownFileType = sourcecode.swift; path = Theme.swift; sourceTree = "<group>"; };
		4BBCB2602B1C8A9F001E2576 /* DailyScrum.swift */ = {isa = PBXFileReference; lastKnownFileType = sourcecode.swift; path = DailyScrum.swift; sourceTree = "<group>"; };
		4BBCB2622B1C9A60001E2576 /* CardView.swift */ = {isa = PBXFileReference; lastKnownFileType = sourcecode.swift; path = CardView.swift; sourceTree = "<group>"; };
		4BBD32E52B27B2CB003E80DE /* ding.wav */ = {isa = PBXFileReference; lastKnownFileType = audio.wav; path = ding.wav; sourceTree = "<group>"; };
		4BBD32E72B27BA48003E80DE /* NewScrumSheet.swift */ = {isa = PBXFileReference; lastKnownFileType = sourcecode.swift; path = NewScrumSheet.swift; sourceTree = "<group>"; };
		4BBD32E92B27BD59003E80DE /* EditScrumSheet.swift */ = {isa = PBXFileReference; lastKnownFileType = sourcecode.swift; path = EditScrumSheet.swift; sourceTree = "<group>"; };
		4BBD32EB2B27CEA7003E80DE /* History.swift */ = {isa = PBXFileReference; lastKnownFileType = sourcecode.swift; path = History.swift; sourceTree = "<group>"; };
		4BBD32ED2B27DDDF003E80DE /* ScrumStore.swift */ = {isa = PBXFileReference; lastKnownFileType = sourcecode.swift; path = ScrumStore.swift; sourceTree = "<group>"; };
		4BBD32EF2B27F40D003E80DE /* handling-errors.swift */ = {isa = PBXFileReference; lastKnownFileType = sourcecode.swift; path = "handling-errors.swift"; sourceTree = "<group>"; };
		4BC5F8912B1F35D900317BF2 /* ScrumDetailEditView.swift */ = {isa = PBXFileReference; lastKnownFileType = sourcecode.swift; path = ScrumDetailEditView.swift; sourceTree = "<group>"; };
		4BD2E7FA2B1E107200BC8D30 /* TrailingIconLabelStyle.swift */ = {isa = PBXFileReference; lastKnownFileType = sourcecode.swift; path = TrailingIconLabelStyle.swift; sourceTree = "<group>"; };
		4BD2E7FC2B1E168900BC8D30 /* ScrumsView.swift */ = {isa = PBXFileReference; lastKnownFileType = sourcecode.swift; path = ScrumsView.swift; sourceTree = "<group>"; };
		4BD2E7FF2B1E289F00BC8D30 /* DetailView.swift */ = {isa = PBXFileReference; lastKnownFileType = sourcecode.swift; path = DetailView.swift; sourceTree = "<group>"; };
/* End PBXFileReference section */

/* Begin PBXFrameworksBuildPhase section */
		4BA433DB2B1BB4CF003E2E9C /* Frameworks */ = {
			isa = PBXFrameworksBuildPhase;
			buildActionMask = 2147483647;
			files = (
			);
			runOnlyForDeploymentPostprocessing = 0;
		};
		4BA433EB2B1BB4D3003E2E9C /* Frameworks */ = {
			isa = PBXFrameworksBuildPhase;
			buildActionMask = 2147483647;
			files = (
			);
			runOnlyForDeploymentPostprocessing = 0;
		};
		4BA433F52B1BB4D3003E2E9C /* Frameworks */ = {
			isa = PBXFrameworksBuildPhase;
			buildActionMask = 2147483647;
			files = (
			);
			runOnlyForDeploymentPostprocessing = 0;
		};
/* End PBXFrameworksBuildPhase section */

/* Begin PBXGroup section */
		4B18F0902B28F54D006FE956 /* Error Views */ = {
			isa = PBXGroup;
			children = (
				4B18F08C2B28DE0F006FE956 /* ErrorView.swift */,
			);
			path = "Error Views";
			sourceTree = "<group>";
		};
		4B18F0912B28F581006FE956 /* Main Navigation Views */ = {
			isa = PBXGroup;
			children = (
				4B18F0922B28F75B006FE956 /* Scrum Flow */,
			);
			path = "Main Navigation Views";
			sourceTree = "<group>";
		};
		4B18F0922B28F75B006FE956 /* Scrum Flow */ = {
			isa = PBXGroup;
			children = (
				4B18F0932B28F7DB006FE956 /* ScrumsView */,
				4B18F0942B28F80C006FE956 /* DetailView */,
				4B18F0952B28F86E006FE956 /* MeetingView */,
			);
			path = "Scrum Flow";
			sourceTree = "<group>";
		};
		4B18F0932B28F7DB006FE956 /* ScrumsView */ = {
			isa = PBXGroup;
			children = (
				4BD2E7FC2B1E168900BC8D30 /* ScrumsView.swift */,
				4BBD32E72B27BA48003E80DE /* NewScrumSheet.swift */,
				4BBCB2622B1C9A60001E2576 /* CardView.swift */,
			);
			path = ScrumsView;
			sourceTree = "<group>";
		};
		4B18F0942B28F80C006FE956 /* DetailView */ = {
			isa = PBXGroup;
			children = (
				4BD2E7FF2B1E289F00BC8D30 /* DetailView.swift */,
				4BC5F8912B1F35D900317BF2 /* ScrumDetailEditView.swift */,
				4B7A37242B20FD9C00EBEE63 /* ThemePicker.swift */,
				4B882D752B20CB79005356A3 /* ThemeView.swift */,
				4BBD32E92B27BD59003E80DE /* EditScrumSheet.swift */,
			);
			path = DetailView;
			sourceTree = "<group>";
		};
		4B18F0952B28F86E006FE956 /* MeetingView */ = {
			isa = PBXGroup;
			children = (
				4BA433E32B1BB4CF003E2E9C /* MeetingView.swift */,
				4B7A37292B233D6D00EBEE63 /* MeetingHeaderView.swift */,
				4B18F08E2B28EF7A006FE956 /* MeetingTimerView.swift */,
				4B1C97BE2B25F4E9002CE8FC /* MeetingFooterView.swift */,
				4B7A372B2B2345B200EBEE63 /* ScrumProgressViewStyle.swift */,
				4B18F0972B28FA2A006FE956 /* SpeakerArc.swift */,
			);
			path = MeetingView;
			sourceTree = "<group>";
		};
		4B18F0962B28F8D6006FE956 /* CustomStyles */ = {
			isa = PBXGroup;
			children = (
				4BD2E7FA2B1E107200BC8D30 /* TrailingIconLabelStyle.swift */,
			);
			path = CustomStyles;
			sourceTree = "<group>";
		};
		4B7A37262B22460600EBEE63 /* Resources */ = {
			isa = PBXGroup;
			children = (
				4BBD32E52B27B2CB003E80DE /* ding.wav */,
			);
			path = Resources;
			sourceTree = "<group>";
		};
		4BA433D52B1BB4CF003E2E9C = {
			isa = PBXGroup;
			children = (
				4BA433E02B1BB4CF003E2E9C /* Scrumdinger */,
				4BA433F12B1BB4D3003E2E9C /* ScrumdingerTests */,
				4BA433FB2B1BB4D3003E2E9C /* ScrumdingerUITests */,
				4BA433DF2B1BB4CF003E2E9C /* Products */,
			);
			sourceTree = "<group>";
		};
		4BA433DF2B1BB4CF003E2E9C /* Products */ = {
			isa = PBXGroup;
			children = (
				4BA433DE2B1BB4CF003E2E9C /* Scrumdinger.app */,
				4BA433EE2B1BB4D3003E2E9C /* ScrumdingerTests.xctest */,
				4BA433F82B1BB4D3003E2E9C /* ScrumdingerUITests.xctest */,
			);
			name = Products;
			sourceTree = "<group>";
		};
		4BA433E02B1BB4CF003E2E9C /* Scrumdinger */ = {
			isa = PBXGroup;
			children = (
				4B7A37262B22460600EBEE63 /* Resources */,
				4BD2E7FE2B1E285900BC8D30 /* Views */,
				4BA4340D2B1BC7F7003E2E9C /* Models */,
				4BA433E12B1BB4CF003E2E9C /* ScrumdingerApp.swift */,
				4BA433E52B1BB4D2003E2E9C /* Assets.xcassets */,
				4BA433E72B1BB4D2003E2E9C /* Preview Content */,
			);
			path = Scrumdinger;
			sourceTree = "<group>";
		};
		4BA433E72B1BB4D2003E2E9C /* Preview Content */ = {
			isa = PBXGroup;
			children = (
				4BA433E82B1BB4D2003E2E9C /* Preview Assets.xcassets */,
			);
			path = "Preview Content";
			sourceTree = "<group>";
		};
		4BA433F12B1BB4D3003E2E9C /* ScrumdingerTests */ = {
			isa = PBXGroup;
			children = (
				4BA433F22B1BB4D3003E2E9C /* ScrumdingerTests.swift */,
			);
			path = ScrumdingerTests;
			sourceTree = "<group>";
		};
		4BA433FB2B1BB4D3003E2E9C /* ScrumdingerUITests */ = {
			isa = PBXGroup;
			children = (
				4BA433FC2B1BB4D3003E2E9C /* ScrumdingerUITests.swift */,
				4BA433FE2B1BB4D3003E2E9C /* ScrumdingerUITestsLaunchTests.swift */,
			);
			path = ScrumdingerUITests;
			sourceTree = "<group>";
		};
		4BA4340D2B1BC7F7003E2E9C /* Models */ = {
			isa = PBXGroup;
			children = (
				4BBCB25E2B1BC88D001E2576 /* Theme.swift */,
				4BBCB2602B1C8A9F001E2576 /* DailyScrum.swift */,
				4B7A37272B22464800EBEE63 /* AVPlayer+Ding.swift */,
				4B7A372D2B2349BF00EBEE63 /* ScrumTimer.swift */,
				4BBD32EB2B27CEA7003E80DE /* History.swift */,
				4BBD32ED2B27DDDF003E80DE /* ScrumStore.swift */,
				4BBD32EF2B27F40D003E80DE /* handling-errors.swift */,
				4B9E77922B2A3EAC0074BF50 /* SpeechRecognizer.swift */,
			);
			path = Models;
			sourceTree = "<group>";
		};
		4BD2E7FE2B1E285900BC8D30 /* Views */ = {
			isa = PBXGroup;
			children = (
				4B18F0962B28F8D6006FE956 /* CustomStyles */,
				4B18F0912B28F581006FE956 /* Main Navigation Views */,
				4B18F0902B28F54D006FE956 /* Error Views */,
			);
			path = Views;
			sourceTree = "<group>";
		};
/* End PBXGroup section */

/* Begin PBXNativeTarget section */
		4BA433DD2B1BB4CF003E2E9C /* Scrumdinger */ = {
			isa = PBXNativeTarget;
			buildConfigurationList = 4BA434022B1BB4D3003E2E9C /* Build configuration list for PBXNativeTarget "Scrumdinger" */;
			buildPhases = (
				4BA433DA2B1BB4CF003E2E9C /* Sources */,
				4BA433DB2B1BB4CF003E2E9C /* Frameworks */,
				4BA433DC2B1BB4CF003E2E9C /* Resources */,
			);
			buildRules = (
			);
			dependencies = (
			);
			name = Scrumdinger;
			productName = Scrumdinger;
			productReference = 4BA433DE2B1BB4CF003E2E9C /* Scrumdinger.app */;
			productType = "com.apple.product-type.application";
		};
		4BA433ED2B1BB4D3003E2E9C /* ScrumdingerTests */ = {
			isa = PBXNativeTarget;
			buildConfigurationList = 4BA434052B1BB4D3003E2E9C /* Build configuration list for PBXNativeTarget "ScrumdingerTests" */;
			buildPhases = (
				4BA433EA2B1BB4D3003E2E9C /* Sources */,
				4BA433EB2B1BB4D3003E2E9C /* Frameworks */,
				4BA433EC2B1BB4D3003E2E9C /* Resources */,
			);
			buildRules = (
			);
			dependencies = (
				4BA433F02B1BB4D3003E2E9C /* PBXTargetDependency */,
			);
			name = ScrumdingerTests;
			productName = ScrumdingerTests;
			productReference = 4BA433EE2B1BB4D3003E2E9C /* ScrumdingerTests.xctest */;
			productType = "com.apple.product-type.bundle.unit-test";
		};
		4BA433F72B1BB4D3003E2E9C /* ScrumdingerUITests */ = {
			isa = PBXNativeTarget;
			buildConfigurationList = 4BA434082B1BB4D3003E2E9C /* Build configuration list for PBXNativeTarget "ScrumdingerUITests" */;
			buildPhases = (
				4BA433F42B1BB4D3003E2E9C /* Sources */,
				4BA433F52B1BB4D3003E2E9C /* Frameworks */,
				4BA433F62B1BB4D3003E2E9C /* Resources */,
			);
			buildRules = (
			);
			dependencies = (
				4BA433FA2B1BB4D3003E2E9C /* PBXTargetDependency */,
			);
			name = ScrumdingerUITests;
			productName = ScrumdingerUITests;
			productReference = 4BA433F82B1BB4D3003E2E9C /* ScrumdingerUITests.xctest */;
			productType = "com.apple.product-type.bundle.ui-testing";
		};
/* End PBXNativeTarget section */

/* Begin PBXProject section */
		4BA433D62B1BB4CF003E2E9C /* Project object */ = {
			isa = PBXProject;
			attributes = {
				BuildIndependentTargetsInParallel = 1;
				LastSwiftUpdateCheck = 1500;
				LastUpgradeCheck = 1500;
				TargetAttributes = {
					4BA433DD2B1BB4CF003E2E9C = {
						CreatedOnToolsVersion = 15.0.1;
					};
					4BA433ED2B1BB4D3003E2E9C = {
						CreatedOnToolsVersion = 15.0.1;
						TestTargetID = 4BA433DD2B1BB4CF003E2E9C;
					};
					4BA433F72B1BB4D3003E2E9C = {
						CreatedOnToolsVersion = 15.0.1;
						TestTargetID = 4BA433DD2B1BB4CF003E2E9C;
					};
				};
			};
			buildConfigurationList = 4BA433D92B1BB4CF003E2E9C /* Build configuration list for PBXProject "Scrumdinger" */;
			compatibilityVersion = "Xcode 14.0";
			developmentRegion = en;
			hasScannedForEncodings = 0;
			knownRegions = (
				en,
				Base,
			);
			mainGroup = 4BA433D52B1BB4CF003E2E9C;
			productRefGroup = 4BA433DF2B1BB4CF003E2E9C /* Products */;
			projectDirPath = "";
			projectRoot = "";
			targets = (
				4BA433DD2B1BB4CF003E2E9C /* Scrumdinger */,
				4BA433ED2B1BB4D3003E2E9C /* ScrumdingerTests */,
				4BA433F72B1BB4D3003E2E9C /* ScrumdingerUITests */,
			);
		};
/* End PBXProject section */

/* Begin PBXResourcesBuildPhase section */
		4BA433DC2B1BB4CF003E2E9C /* Resources */ = {
			isa = PBXResourcesBuildPhase;
			buildActionMask = 2147483647;
			files = (
				4BBD32E62B27B2CB003E80DE /* ding.wav in Resources */,
				4BA433E92B1BB4D2003E2E9C /* Preview Assets.xcassets in Resources */,
				4BA433E62B1BB4D2003E2E9C /* Assets.xcassets in Resources */,
			);
			runOnlyForDeploymentPostprocessing = 0;
		};
		4BA433EC2B1BB4D3003E2E9C /* Resources */ = {
			isa = PBXResourcesBuildPhase;
			buildActionMask = 2147483647;
			files = (
			);
			runOnlyForDeploymentPostprocessing = 0;
		};
		4BA433F62B1BB4D3003E2E9C /* Resources */ = {
			isa = PBXResourcesBuildPhase;
			buildActionMask = 2147483647;
			files = (
			);
			runOnlyForDeploymentPostprocessing = 0;
		};
/* End PBXResourcesBuildPhase section */

/* Begin PBXSourcesBuildPhase section */
		4BA433DA2B1BB4CF003E2E9C /* Sources */ = {
			isa = PBXSourcesBuildPhase;
			buildActionMask = 2147483647;
			files = (
				4B7A37252B20FD9C00EBEE63 /* ThemePicker.swift in Sources */,
				4BBCB2612B1C8A9F001E2576 /* DailyScrum.swift in Sources */,
				4BBD32EE2B27DDDF003E80DE /* ScrumStore.swift in Sources */,
				4BBD32EC2B27CEA7003E80DE /* History.swift in Sources */,
				4B7A372C2B2345B200EBEE63 /* ScrumProgressViewStyle.swift in Sources */,
				4BD2E8002B1E289F00BC8D30 /* DetailView.swift in Sources */,
				4BC5F8922B1F35D900317BF2 /* ScrumDetailEditView.swift in Sources */,
				4B1C97BF2B25F4E9002CE8FC /* MeetingFooterView.swift in Sources */,
				4BD2E7FB2B1E107200BC8D30 /* TrailingIconLabelStyle.swift in Sources */,
				4BBCB25F2B1BC88D001E2576 /* Theme.swift in Sources */,
				4B9E77932B2A3EAC0074BF50 /* SpeechRecognizer.swift in Sources */,
				4BBD32EA2B27BD59003E80DE /* EditScrumSheet.swift in Sources */,
				4BBD32E82B27BA48003E80DE /* NewScrumSheet.swift in Sources */,
				4B18F0982B28FA2A006FE956 /* SpeakerArc.swift in Sources */,
				4B7A372A2B233D6D00EBEE63 /* MeetingHeaderView.swift in Sources */,
				4BD2E7FD2B1E168900BC8D30 /* ScrumsView.swift in Sources */,
				4B18F08F2B28EF7A006FE956 /* MeetingTimerView.swift in Sources */,
				4BBD32F02B27F40D003E80DE /* handling-errors.swift in Sources */,
				4B7A372E2B2349BF00EBEE63 /* ScrumTimer.swift in Sources */,
				4B7A37282B22464800EBEE63 /* AVPlayer+Ding.swift in Sources */,
				4BA433E42B1BB4CF003E2E9C /* MeetingView.swift in Sources */,
				4BA433E22B1BB4CF003E2E9C /* ScrumdingerApp.swift in Sources */,
				4B882D762B20CB79005356A3 /* ThemeView.swift in Sources */,
				4BBCB2632B1C9A60001E2576 /* CardView.swift in Sources */,
				4B18F08D2B28DE0F006FE956 /* ErrorView.swift in Sources */,
			);
			runOnlyForDeploymentPostprocessing = 0;
		};
		4BA433EA2B1BB4D3003E2E9C /* Sources */ = {
			isa = PBXSourcesBuildPhase;
			buildActionMask = 2147483647;
			files = (
				4BA433F32B1BB4D3003E2E9C /* ScrumdingerTests.swift in Sources */,
			);
			runOnlyForDeploymentPostprocessing = 0;
		};
		4BA433F42B1BB4D3003E2E9C /* Sources */ = {
			isa = PBXSourcesBuildPhase;
			buildActionMask = 2147483647;
			files = (
				4BA433FF2B1BB4D3003E2E9C /* ScrumdingerUITestsLaunchTests.swift in Sources */,
				4BA433FD2B1BB4D3003E2E9C /* ScrumdingerUITests.swift in Sources */,
			);
			runOnlyForDeploymentPostprocessing = 0;
		};
/* End PBXSourcesBuildPhase section */

/* Begin PBXTargetDependency section */
		4BA433F02B1BB4D3003E2E9C /* PBXTargetDependency */ = {
			isa = PBXTargetDependency;
			target = 4BA433DD2B1BB4CF003E2E9C /* Scrumdinger */;
			targetProxy = 4BA433EF2B1BB4D3003E2E9C /* PBXContainerItemProxy */;
		};
		4BA433FA2B1BB4D3003E2E9C /* PBXTargetDependency */ = {
			isa = PBXTargetDependency;
			target = 4BA433DD2B1BB4CF003E2E9C /* Scrumdinger */;
			targetProxy = 4BA433F92B1BB4D3003E2E9C /* PBXContainerItemProxy */;
		};
/* End PBXTargetDependency section */

/* Begin XCBuildConfiguration section */
		4BA434002B1BB4D3003E2E9C /* Debug */ = {
			isa = XCBuildConfiguration;
			buildSettings = {
				ALWAYS_SEARCH_USER_PATHS = NO;
				ASSETCATALOG_COMPILER_GENERATE_SWIFT_ASSET_SYMBOL_EXTENSIONS = YES;
				CLANG_ANALYZER_NONNULL = YES;
				CLANG_ANALYZER_NUMBER_OBJECT_CONVERSION = YES_AGGRESSIVE;
				CLANG_CXX_LANGUAGE_STANDARD = "gnu++20";
				CLANG_ENABLE_MODULES = YES;
				CLANG_ENABLE_OBJC_ARC = YES;
				CLANG_ENABLE_OBJC_WEAK = YES;
				CLANG_WARN_BLOCK_CAPTURE_AUTORELEASING = YES;
				CLANG_WARN_BOOL_CONVERSION = YES;
				CLANG_WARN_COMMA = YES;
				CLANG_WARN_CONSTANT_CONVERSION = YES;
				CLANG_WARN_DEPRECATED_OBJC_IMPLEMENTATIONS = YES;
				CLANG_WARN_DIRECT_OBJC_ISA_USAGE = YES_ERROR;
				CLANG_WARN_DOCUMENTATION_COMMENTS = YES;
				CLANG_WARN_EMPTY_BODY = YES;
				CLANG_WARN_ENUM_CONVERSION = YES;
				CLANG_WARN_INFINITE_RECURSION = YES;
				CLANG_WARN_INT_CONVERSION = YES;
				CLANG_WARN_NON_LITERAL_NULL_CONVERSION = YES;
				CLANG_WARN_OBJC_IMPLICIT_RETAIN_SELF = YES;
				CLANG_WARN_OBJC_LITERAL_CONVERSION = YES;
				CLANG_WARN_OBJC_ROOT_CLASS = YES_ERROR;
				CLANG_WARN_QUOTED_INCLUDE_IN_FRAMEWORK_HEADER = YES;
				CLANG_WARN_RANGE_LOOP_ANALYSIS = YES;
				CLANG_WARN_STRICT_PROTOTYPES = YES;
				CLANG_WARN_SUSPICIOUS_MOVE = YES;
				CLANG_WARN_UNGUARDED_AVAILABILITY = YES_AGGRESSIVE;
				CLANG_WARN_UNREACHABLE_CODE = YES;
				CLANG_WARN__DUPLICATE_METHOD_MATCH = YES;
				COPY_PHASE_STRIP = NO;
				DEBUG_INFORMATION_FORMAT = dwarf;
				ENABLE_STRICT_OBJC_MSGSEND = YES;
				ENABLE_TESTABILITY = YES;
				ENABLE_USER_SCRIPT_SANDBOXING = YES;
				GCC_C_LANGUAGE_STANDARD = gnu17;
				GCC_DYNAMIC_NO_PIC = NO;
				GCC_NO_COMMON_BLOCKS = YES;
				GCC_OPTIMIZATION_LEVEL = 0;
				GCC_PREPROCESSOR_DEFINITIONS = (
					"DEBUG=1",
					"$(inherited)",
				);
				GCC_WARN_64_TO_32_BIT_CONVERSION = YES;
				GCC_WARN_ABOUT_RETURN_TYPE = YES_ERROR;
				GCC_WARN_UNDECLARED_SELECTOR = YES;
				GCC_WARN_UNINITIALIZED_AUTOS = YES_AGGRESSIVE;
				GCC_WARN_UNUSED_FUNCTION = YES;
				GCC_WARN_UNUSED_VARIABLE = YES;
				IPHONEOS_DEPLOYMENT_TARGET = 17.0;
				LOCALIZATION_PREFERS_STRING_CATALOGS = YES;
				MTL_ENABLE_DEBUG_INFO = INCLUDE_SOURCE;
				MTL_FAST_MATH = YES;
				ONLY_ACTIVE_ARCH = YES;
				SDKROOT = iphoneos;
				SWIFT_ACTIVE_COMPILATION_CONDITIONS = "DEBUG $(inherited)";
				SWIFT_OPTIMIZATION_LEVEL = "-Onone";
			};
			name = Debug;
		};
		4BA434012B1BB4D3003E2E9C /* Release */ = {
			isa = XCBuildConfiguration;
			buildSettings = {
				ALWAYS_SEARCH_USER_PATHS = NO;
				ASSETCATALOG_COMPILER_GENERATE_SWIFT_ASSET_SYMBOL_EXTENSIONS = YES;
				CLANG_ANALYZER_NONNULL = YES;
				CLANG_ANALYZER_NUMBER_OBJECT_CONVERSION = YES_AGGRESSIVE;
				CLANG_CXX_LANGUAGE_STANDARD = "gnu++20";
				CLANG_ENABLE_MODULES = YES;
				CLANG_ENABLE_OBJC_ARC = YES;
				CLANG_ENABLE_OBJC_WEAK = YES;
				CLANG_WARN_BLOCK_CAPTURE_AUTORELEASING = YES;
				CLANG_WARN_BOOL_CONVERSION = YES;
				CLANG_WARN_COMMA = YES;
				CLANG_WARN_CONSTANT_CONVERSION = YES;
				CLANG_WARN_DEPRECATED_OBJC_IMPLEMENTATIONS = YES;
				CLANG_WARN_DIRECT_OBJC_ISA_USAGE = YES_ERROR;
				CLANG_WARN_DOCUMENTATION_COMMENTS = YES;
				CLANG_WARN_EMPTY_BODY = YES;
				CLANG_WARN_ENUM_CONVERSION = YES;
				CLANG_WARN_INFINITE_RECURSION = YES;
				CLANG_WARN_INT_CONVERSION = YES;
				CLANG_WARN_NON_LITERAL_NULL_CONVERSION = YES;
				CLANG_WARN_OBJC_IMPLICIT_RETAIN_SELF = YES;
				CLANG_WARN_OBJC_LITERAL_CONVERSION = YES;
				CLANG_WARN_OBJC_ROOT_CLASS = YES_ERROR;
				CLANG_WARN_QUOTED_INCLUDE_IN_FRAMEWORK_HEADER = YES;
				CLANG_WARN_RANGE_LOOP_ANALYSIS = YES;
				CLANG_WARN_STRICT_PROTOTYPES = YES;
				CLANG_WARN_SUSPICIOUS_MOVE = YES;
				CLANG_WARN_UNGUARDED_AVAILABILITY = YES_AGGRESSIVE;
				CLANG_WARN_UNREACHABLE_CODE = YES;
				CLANG_WARN__DUPLICATE_METHOD_MATCH = YES;
				COPY_PHASE_STRIP = NO;
				DEBUG_INFORMATION_FORMAT = "dwarf-with-dsym";
				ENABLE_NS_ASSERTIONS = NO;
				ENABLE_STRICT_OBJC_MSGSEND = YES;
				ENABLE_USER_SCRIPT_SANDBOXING = YES;
				GCC_C_LANGUAGE_STANDARD = gnu17;
				GCC_NO_COMMON_BLOCKS = YES;
				GCC_WARN_64_TO_32_BIT_CONVERSION = YES;
				GCC_WARN_ABOUT_RETURN_TYPE = YES_ERROR;
				GCC_WARN_UNDECLARED_SELECTOR = YES;
				GCC_WARN_UNINITIALIZED_AUTOS = YES_AGGRESSIVE;
				GCC_WARN_UNUSED_FUNCTION = YES;
				GCC_WARN_UNUSED_VARIABLE = YES;
				IPHONEOS_DEPLOYMENT_TARGET = 17.0;
				LOCALIZATION_PREFERS_STRING_CATALOGS = YES;
				MTL_ENABLE_DEBUG_INFO = NO;
				MTL_FAST_MATH = YES;
				SDKROOT = iphoneos;
				SWIFT_COMPILATION_MODE = wholemodule;
				VALIDATE_PRODUCT = YES;
			};
			name = Release;
		};
		4BA434032B1BB4D3003E2E9C /* Debug */ = {
			isa = XCBuildConfiguration;
			buildSettings = {
				ASSETCATALOG_COMPILER_APPICON_NAME = AppIcon;
				ASSETCATALOG_COMPILER_GLOBAL_ACCENT_COLOR_NAME = AccentColor;
				CODE_SIGN_STYLE = Automatic;
				CURRENT_PROJECT_VERSION = 1;
				DEVELOPMENT_ASSET_PATHS = "\"Scrumdinger/Preview Content\"";
				DEVELOPMENT_TEAM = 4R6949GRZ7;
				ENABLE_PREVIEWS = YES;
				GENERATE_INFOPLIST_FILE = YES;
				INFOPLIST_KEY_NSMicrophoneUsageDescription = "Audio is recorded to transcribe the meeting. Audio recordings are discarded after transcription.";
				INFOPLIST_KEY_NSSpeechRecognitionUsageDescription = "You can view a text transcription of your meeting in the app.";
				INFOPLIST_KEY_UIApplicationSceneManifest_Generation = YES;
				INFOPLIST_KEY_UIApplicationSupportsIndirectInputEvents = YES;
				INFOPLIST_KEY_UILaunchScreen_Generation = YES;
				INFOPLIST_KEY_UISupportedInterfaceOrientations_iPad = "UIInterfaceOrientationPortrait UIInterfaceOrientationPortraitUpsideDown UIInterfaceOrientationLandscapeLeft UIInterfaceOrientationLandscapeRight";
				INFOPLIST_KEY_UISupportedInterfaceOrientations_iPhone = "UIInterfaceOrientationPortrait UIInterfaceOrientationLandscapeLeft UIInterfaceOrientationLandscapeRight";
				LD_RUNPATH_SEARCH_PATHS = (
					"$(inherited)",
					"@executable_path/Frameworks",
				);
				MARKETING_VERSION = 1.0;
				PRODUCT_BUNDLE_IDENTIFIER = com.ilyasbugra.Scrumdinger;
				PRODUCT_NAME = "$(TARGET_NAME)";
				SWIFT_EMIT_LOC_STRINGS = YES;
				SWIFT_VERSION = 5.0;
				TARGETED_DEVICE_FAMILY = "1,2";
			};
			name = Debug;
		};
		4BA434042B1BB4D3003E2E9C /* Release */ = {
			isa = XCBuildConfiguration;
			buildSettings = {
				ASSETCATALOG_COMPILER_APPICON_NAME = AppIcon;
				ASSETCATALOG_COMPILER_GLOBAL_ACCENT_COLOR_NAME = AccentColor;
				CODE_SIGN_STYLE = Automatic;
				CURRENT_PROJECT_VERSION = 1;
				DEVELOPMENT_ASSET_PATHS = "\"Scrumdinger/Preview Content\"";
				DEVELOPMENT_TEAM = 4R6949GRZ7;
				ENABLE_PREVIEWS = YES;
				GENERATE_INFOPLIST_FILE = YES;
				INFOPLIST_KEY_NSMicrophoneUsageDescription = "Audio is recorded to transcribe the meeting. Audio recordings are discarded after transcription.";
				INFOPLIST_KEY_NSSpeechRecognitionUsageDescription = "You can view a text transcription of your meeting in the app.";
				INFOPLIST_KEY_UIApplicationSceneManifest_Generation = YES;
				INFOPLIST_KEY_UIApplicationSupportsIndirectInputEvents = YES;
				INFOPLIST_KEY_UILaunchScreen_Generation = YES;
				INFOPLIST_KEY_UISupportedInterfaceOrientations_iPad = "UIInterfaceOrientationPortrait UIInterfaceOrientationPortraitUpsideDown UIInterfaceOrientationLandscapeLeft UIInterfaceOrientationLandscapeRight";
				INFOPLIST_KEY_UISupportedInterfaceOrientations_iPhone = "UIInterfaceOrientationPortrait UIInterfaceOrientationLandscapeLeft UIInterfaceOrientationLandscapeRight";
				LD_RUNPATH_SEARCH_PATHS = (
					"$(inherited)",
					"@executable_path/Frameworks",
				);
				MARKETING_VERSION = 1.0;
				PRODUCT_BUNDLE_IDENTIFIER = com.ilyasbugra.Scrumdinger;
				PRODUCT_NAME = "$(TARGET_NAME)";
				SWIFT_EMIT_LOC_STRINGS = YES;
				SWIFT_VERSION = 5.0;
				TARGETED_DEVICE_FAMILY = "1,2";
			};
			name = Release;
		};
		4BA434062B1BB4D3003E2E9C /* Debug */ = {
			isa = XCBuildConfiguration;
			buildSettings = {
				ALWAYS_EMBED_SWIFT_STANDARD_LIBRARIES = YES;
				BUNDLE_LOADER = "$(TEST_HOST)";
				CODE_SIGN_STYLE = Automatic;
				CURRENT_PROJECT_VERSION = 1;
				GENERATE_INFOPLIST_FILE = YES;
				IPHONEOS_DEPLOYMENT_TARGET = 17.0;
				MARKETING_VERSION = 1.0;
				PRODUCT_BUNDLE_IDENTIFIER = com.ilyasbugra.ScrumdingerTests;
				PRODUCT_NAME = "$(TARGET_NAME)";
				SWIFT_EMIT_LOC_STRINGS = NO;
				SWIFT_VERSION = 5.0;
				TARGETED_DEVICE_FAMILY = "1,2";
				TEST_HOST = "$(BUILT_PRODUCTS_DIR)/Scrumdinger.app/$(BUNDLE_EXECUTABLE_FOLDER_PATH)/Scrumdinger";
			};
			name = Debug;
		};
		4BA434072B1BB4D3003E2E9C /* Release */ = {
			isa = XCBuildConfiguration;
			buildSettings = {
				ALWAYS_EMBED_SWIFT_STANDARD_LIBRARIES = YES;
				BUNDLE_LOADER = "$(TEST_HOST)";
				CODE_SIGN_STYLE = Automatic;
				CURRENT_PROJECT_VERSION = 1;
				GENERATE_INFOPLIST_FILE = YES;
				IPHONEOS_DEPLOYMENT_TARGET = 17.0;
				MARKETING_VERSION = 1.0;
				PRODUCT_BUNDLE_IDENTIFIER = com.ilyasbugra.ScrumdingerTests;
				PRODUCT_NAME = "$(TARGET_NAME)";
				SWIFT_EMIT_LOC_STRINGS = NO;
				SWIFT_VERSION = 5.0;
				TARGETED_DEVICE_FAMILY = "1,2";
				TEST_HOST = "$(BUILT_PRODUCTS_DIR)/Scrumdinger.app/$(BUNDLE_EXECUTABLE_FOLDER_PATH)/Scrumdinger";
			};
			name = Release;
		};
		4BA434092B1BB4D3003E2E9C /* Debug */ = {
			isa = XCBuildConfiguration;
			buildSettings = {
				ALWAYS_EMBED_SWIFT_STANDARD_LIBRARIES = YES;
				CODE_SIGN_STYLE = Automatic;
				CURRENT_PROJECT_VERSION = 1;
				GENERATE_INFOPLIST_FILE = YES;
				MARKETING_VERSION = 1.0;
				PRODUCT_BUNDLE_IDENTIFIER = com.ilyasbugra.ScrumdingerUITests;
				PRODUCT_NAME = "$(TARGET_NAME)";
				SWIFT_EMIT_LOC_STRINGS = NO;
				SWIFT_VERSION = 5.0;
				TARGETED_DEVICE_FAMILY = "1,2";
				TEST_TARGET_NAME = Scrumdinger;
			};
			name = Debug;
		};
		4BA4340A2B1BB4D3003E2E9C /* Release */ = {
			isa = XCBuildConfiguration;
			buildSettings = {
				ALWAYS_EMBED_SWIFT_STANDARD_LIBRARIES = YES;
				CODE_SIGN_STYLE = Automatic;
				CURRENT_PROJECT_VERSION = 1;
				GENERATE_INFOPLIST_FILE = YES;
				MARKETING_VERSION = 1.0;
				PRODUCT_BUNDLE_IDENTIFIER = com.ilyasbugra.ScrumdingerUITests;
				PRODUCT_NAME = "$(TARGET_NAME)";
				SWIFT_EMIT_LOC_STRINGS = NO;
				SWIFT_VERSION = 5.0;
				TARGETED_DEVICE_FAMILY = "1,2";
				TEST_TARGET_NAME = Scrumdinger;
			};
			name = Release;
		};
/* End XCBuildConfiguration section */

/* Begin XCConfigurationList section */
		4BA433D92B1BB4CF003E2E9C /* Build configuration list for PBXProject "Scrumdinger" */ = {
			isa = XCConfigurationList;
			buildConfigurations = (
				4BA434002B1BB4D3003E2E9C /* Debug */,
				4BA434012B1BB4D3003E2E9C /* Release */,
			);
			defaultConfigurationIsVisible = 0;
			defaultConfigurationName = Release;
		};
		4BA434022B1BB4D3003E2E9C /* Build configuration list for PBXNativeTarget "Scrumdinger" */ = {
			isa = XCConfigurationList;
			buildConfigurations = (
				4BA434032B1BB4D3003E2E9C /* Debug */,
				4BA434042B1BB4D3003E2E9C /* Release */,
			);
			defaultConfigurationIsVisible = 0;
			defaultConfigurationName = Release;
		};
		4BA434052B1BB4D3003E2E9C /* Build configuration list for PBXNativeTarget "ScrumdingerTests" */ = {
			isa = XCConfigurationList;
			buildConfigurations = (
				4BA434062B1BB4D3003E2E9C /* Debug */,
				4BA434072B1BB4D3003E2E9C /* Release */,
			);
			defaultConfigurationIsVisible = 0;
			defaultConfigurationName = Release;
		};
		4BA434082B1BB4D3003E2E9C /* Build configuration list for PBXNativeTarget "ScrumdingerUITests" */ = {
			isa = XCConfigurationList;
			buildConfigurations = (
				4BA434092B1BB4D3003E2E9C /* Debug */,
				4BA4340A2B1BB4D3003E2E9C /* Release */,
			);
			defaultConfigurationIsVisible = 0;
			defaultConfigurationName = Release;
		};
/* End XCConfigurationList section */
	};
	rootObject = 4BA433D62B1BB4CF003E2E9C /* Project object */;
}
